lockfileVersion: '9.0'

settings:
  autoInstallPeers: true
  excludeLinksFromLockfile: false

importers:

  .:
    dependencies:
      '@qdrant/js-client-rest':
        specifier: ^1.15.1
        version: 1.15.1(typescript@5.9.2)

packages:

  '@qdrant/js-client-rest@1.15.1':
    resolution: {integrity: sha512-FAPMz6Z7RFj9vUun8R9e8SYcX6EkZtdfYfnh5lFXWcjEaat9q/jce1baAJCWAr3k8yHh62HpzCRYOatLVII28g==}
    engines: {node: '>=18.17.0', pnpm: '>=8'}
    peerDependencies:
      typescript: '>=4.7'

  '@qdrant/openapi-typescript-fetch@1.2.6':
    resolution: {integrity: sha512-oQG/FejNpItrxRHoyctYvT3rwGZOnK4jr3JdppO/c78ktDvkWiPXPHNsrDf33K9sZdRb6PR7gi4noIapu5q4HA==}
    engines: {node: '>=18.0.0', pnpm: '>=8'}

  '@sevinf/maybe@0.5.0':
    resolution: {integrity: sha512-ARhyoYDnY1LES3vYI0fiG6e9esWfTNcXcO6+MPJJXcnyMV3bim4lnFt45VXouV7y82F4x3YH8nOQ6VztuvUiWg==}

  typescript@5.9.2:
    resolution: {integrity: sha512-CWBzXQrc/qOkhidw1OzBTQuYRbfyxDXJMVJ1XNwUHGROVmuaeiEm3OslpZ1RV96d7SKKjZKrSJu3+t/xlw3R9A==}
    engines: {node: '>=14.17'}
    hasBin: true

  undici@6.21.3:
    resolution: {integrity: sha512-gBLkYIlEnSp8pFbT64yFgGE6UIB9tAkhukC23PmMDCe5Nd+cRqKxSjw5y54MK2AZMgZfJWMaNE4nYUHgi1XEOw==}
    engines: {node: '>=18.17'}

snapshots:

  '@qdrant/js-client-rest@1.15.1(typescript@5.9.2)':
    dependencies:
      '@qdrant/openapi-typescript-fetch': 1.2.6
      '@sevinf/maybe': 0.5.0
      typescript: 5.9.2
      undici: 6.21.3

  '@qdrant/openapi-typescript-fetch@1.2.6': {}

  '@sevinf/maybe@0.5.0': {}

  typescript@5.9.2: {}

  undici@6.21.3: {}
